
Microsoft Visual Studio Solution File, Format Version 12.00
# Visual Studio 15
VisualStudioVersion = 15.0.27428.2037
MinimumVisualStudioVersion = 10.0.40219.1
Project("{FAE04EC0-301F-11D3-BF4B-00C04F79EFBC}") = "dz1_threads", "dz1_threads\dz1_threads.csproj", "{30E8BD3F-D38C-4578-9C92-9ABA74C1DD3A}"
EndProject
Project("{FAE04EC0-301F-11D3-BF4B-00C04F79EFBC}") = "dz2_threads", "dz2_threads\dz2_threads.csproj", "{E7345163-B93B-4DAE-B2A1-DF53646CC668}"
EndProject
Project("{FAE04EC0-301F-11D3-BF4B-00C04F79EFBC}") = "thread3_myMatrix", "thread3_myMatrix\thread3_myMatrix.csproj", "{40EE7D9B-80F0-407E-B717-5B4635CFCBEF}"
EndProject
Global
	GlobalSection(SolutionConfigurationPlatforms) = preSolution
		Debug|Any CPU = Debug|Any CPU
		Release|Any CPU = Release|Any CPU
	EndGlobalSection
	GlobalSection(ProjectConfigurationPlatforms) = postSolution
		{30E8BD3F-D38C-4578-9C92-9ABA74C1DD3A}.Debug|Any CPU.ActiveCfg = Debug|Any CPU
		{30E8BD3F-D38C-4578-9C92-9ABA74C1DD3A}.Debug|Any CPU.Build.0 = Debug|Any CPU
		{30E8BD3F-D38C-4578-9C92-9ABA74C1DD3A}.Release|Any CPU.ActiveCfg = Release|Any CPU
		{30E8BD3F-D38C-4578-9C92-9ABA74C1DD3A}.Release|Any CPU.Build.0 = Release|Any CPU
		{E7345163-B93B-4DAE-B2A1-DF53646CC668}.Debug|Any CPU.ActiveCfg = Debug|Any CPU
		{E7345163-B93B-4DAE-B2A1-DF53646CC668}.Debug|Any CPU.Build.0 = Debug|Any CPU
		{E7345163-B93B-4DAE-B2A1-DF53646CC668}.Release|Any CPU.ActiveCfg = Release|Any CPU
		{E7345163-B93B-4DAE-B2A1-DF53646CC668}.Release|Any CPU.Build.0 = Release|Any CPU
		{40EE7D9B-80F0-407E-B717-5B4635CFCBEF}.Debug|Any CPU.ActiveCfg = Debug|Any CPU
		{40EE7D9B-80F0-407E-B717-5B4635CFCBEF}.Debug|Any CPU.Build.0 = Debug|Any CPU
		{40EE7D9B-80F0-407E-B717-5B4635CFCBEF}.Release|Any CPU.ActiveCfg = Release|Any CPU
		{40EE7D9B-80F0-407E-B717-5B4635CFCBEF}.Release|Any CPU.Build.0 = Release|Any CPU
	EndGlobalSection
	GlobalSection(SolutionProperties) = preSolution
		HideSolutionNode = FALSE
	EndGlobalSection
	GlobalSection(ExtensibilityGlobals) = postSolution
		SolutionGuid = {A0413D24-1EA6-4D68-A791-5032096758BD}
	EndGlobalSection
EndGlobal
